
Microsoft Visual Studio Solution File, Format Version 12.00
# Visual Studio Version 17
VisualStudioVersion = 17.1.32407.343
MinimumVisualStudioVersion = 10.0.40219.1
Project("{FAE04EC0-301F-11D3-BF4B-00C04F79EFBC}") = "DapperTest", "DapperTest\DapperTest.csproj", "{3E7A56EE-81A3-477B-A539-4CA8CB046C49}"
EndProject
Global
	GlobalSection(SolutionConfigurationPlatforms) = preSolution
		Debug|Any CPU = Debug|Any CPU
		Release|Any CPU = Release|Any CPU
	EndGlobalSection
	GlobalSection(ProjectConfigurationPlatforms) = postSolution
		{3E7A56EE-81A3-477B-A539-4CA8CB046C49}.Debug|Any CPU.ActiveCfg = Debug|Any CPU
		{3E7A56EE-81A3-477B-A539-4CA8CB046C49}.Debug|Any CPU.Build.0 = Debug|Any CPU
		{3E7A56EE-81A3-477B-A539-4CA8CB046C49}.Release|Any CPU.ActiveCfg = Release|Any CPU
		{3E7A56EE-81A3-477B-A539-4CA8CB046C49}.Release|Any CPU.Build.0 = Release|Any CPU
	EndGlobalSection
	GlobalSection(SolutionProperties) = preSolution
		HideSolutionNode = FALSE
	EndGlobalSection
	GlobalSection(ExtensibilityGlobals) = postSolution
		SolutionGuid = {F6D48031-3646-4E76-82DB-F4BB52B93956}
	EndGlobalSection
EndGlobal
